
Microsoft Visual Studio Solution File, Format Version 12.00
# Visual Studio 14
VisualStudioVersion = 14.0.25420.1
MinimumVisualStudioVersion = 10.0.40219.1
Project("{FAE04EC0-301F-11D3-BF4B-00C04F79EFBC}") = "WebAPI", "WebAPI\WebAPI.csproj", "{2BA67723-36C8-4970-8ADC-E754FBFE80EA}"
EndProject
Project("{FAE04EC0-301F-11D3-BF4B-00C04F79EFBC}") = "WebAppMVC", "WebAppMVC\WebAppMVC.csproj", "{AD62934B-B64E-45B5-9031-C63F7AF66F6B}"
EndProject
Global
	GlobalSection(SolutionConfigurationPlatforms) = preSolution
		Debug|Any CPU = Debug|Any CPU
		Release|Any CPU = Release|Any CPU
	EndGlobalSection
	GlobalSection(ProjectConfigurationPlatforms) = postSolution
		{2BA67723-36C8-4970-8ADC-E754FBFE80EA}.Debug|Any CPU.ActiveCfg = Debug|Any CPU
		{2BA67723-36C8-4970-8ADC-E754FBFE80EA}.Debug|Any CPU.Build.0 = Debug|Any CPU
		{2BA67723-36C8-4970-8ADC-E754FBFE80EA}.Release|Any CPU.ActiveCfg = Release|Any CPU
		{2BA67723-36C8-4970-8ADC-E754FBFE80EA}.Release|Any CPU.Build.0 = Release|Any CPU
		{AD62934B-B64E-45B5-9031-C63F7AF66F6B}.Debug|Any CPU.ActiveCfg = Debug|Any CPU
		{AD62934B-B64E-45B5-9031-C63F7AF66F6B}.Debug|Any CPU.Build.0 = Debug|Any CPU
		{AD62934B-B64E-45B5-9031-C63F7AF66F6B}.Release|Any CPU.ActiveCfg = Release|Any CPU
		{AD62934B-B64E-45B5-9031-C63F7AF66F6B}.Release|Any CPU.Build.0 = Release|Any CPU
	EndGlobalSection
	GlobalSection(SolutionProperties) = preSolution
		HideSolutionNode = FALSE
	EndGlobalSection
EndGlobal
